
Microsoft Visual Studio Solution File, Format Version 12.00
# Visual Studio Version 17
VisualStudioVersion = 17.4.33110.190
MinimumVisualStudioVersion = 10.0.40219.1
Project("{FAE04EC0-301F-11D3-BF4B-00C04F79EFBC}") = "ProyectoAjax", "ProyectoAjax\ProyectoAjax.csproj", "{50F23EDB-D56F-432D-80F4-02485484DB83}"
EndProject
Global
	GlobalSection(SolutionConfigurationPlatforms) = preSolution
		Debug|Any CPU = Debug|Any CPU
		Release|Any CPU = Release|Any CPU
	EndGlobalSection
	GlobalSection(ProjectConfigurationPlatforms) = postSolution
		{50F23EDB-D56F-432D-80F4-02485484DB83}.Debug|Any CPU.ActiveCfg = Debug|Any CPU
		{50F23EDB-D56F-432D-80F4-02485484DB83}.Debug|Any CPU.Build.0 = Debug|Any CPU
		{50F23EDB-D56F-432D-80F4-02485484DB83}.Release|Any CPU.ActiveCfg = Release|Any CPU
		{50F23EDB-D56F-432D-80F4-02485484DB83}.Release|Any CPU.Build.0 = Release|Any CPU
	EndGlobalSection
	GlobalSection(SolutionProperties) = preSolution
		HideSolutionNode = FALSE
	EndGlobalSection
	GlobalSection(ExtensibilityGlobals) = postSolution
		SolutionGuid = {A9CC0DD5-CA27-4F51-AC60-E740E8E490AF}
	EndGlobalSection
EndGlobal
